
Microsoft Visual Studio Solution File, Format Version 12.00
# Visual Studio Version 17
VisualStudioVersion = 17.4.33213.308
MinimumVisualStudioVersion = 10.0.40219.1
Project("{8BC9CEB8-8B4A-11D0-8D11-00A0C91BC942}") = "ServerB", "ServerB\ServerB.vcxproj", "{B5F1618B-5AA6-465D-958E-564BB9E9A0CC}"
EndProject
Project("{8BC9CEB8-8B4A-11D0-8D11-00A0C91BC942}") = "ClientB", "ClientB\ClientB.vcxproj", "{83691B30-CCB8-49EE-9AA7-8DD6E34DCBC6}"
EndProject
Global
	GlobalSection(SolutionConfigurationPlatforms) = preSolution
		Debug|x64 = Debug|x64
		Debug|x86 = Debug|x86
		Release|x64 = Release|x64
		Release|x86 = Release|x86
	EndGlobalSection
	GlobalSection(ProjectConfigurationPlatforms) = postSolution
		{B5F1618B-5AA6-465D-958E-564BB9E9A0CC}.Debug|x64.ActiveCfg = Debug|x64
		{B5F1618B-5AA6-465D-958E-564BB9E9A0CC}.Debug|x64.Build.0 = Debug|x64
		{B5F1618B-5AA6-465D-958E-564BB9E9A0CC}.Debug|x86.ActiveCfg = Debug|Win32
		{B5F1618B-5AA6-465D-958E-564BB9E9A0CC}.Debug|x86.Build.0 = Debug|Win32
		{B5F1618B-5AA6-465D-958E-564BB9E9A0CC}.Release|x64.ActiveCfg = Release|x64
		{B5F1618B-5AA6-465D-958E-564BB9E9A0CC}.Release|x64.Build.0 = Release|x64
		{B5F1618B-5AA6-465D-958E-564BB9E9A0CC}.Release|x86.ActiveCfg = Release|Win32
		{B5F1618B-5AA6-465D-958E-564BB9E9A0CC}.Release|x86.Build.0 = Release|Win32
		{83691B30-CCB8-49EE-9AA7-8DD6E34DCBC6}.Debug|x64.ActiveCfg = Debug|x64
		{83691B30-CCB8-49EE-9AA7-8DD6E34DCBC6}.Debug|x64.Build.0 = Debug|x64
		{83691B30-CCB8-49EE-9AA7-8DD6E34DCBC6}.Debug|x86.ActiveCfg = Debug|Win32
		{83691B30-CCB8-49EE-9AA7-8DD6E34DCBC6}.Debug|x86.Build.0 = Debug|Win32
		{83691B30-CCB8-49EE-9AA7-8DD6E34DCBC6}.Release|x64.ActiveCfg = Release|x64
		{83691B30-CCB8-49EE-9AA7-8DD6E34DCBC6}.Release|x64.Build.0 = Release|x64
		{83691B30-CCB8-49EE-9AA7-8DD6E34DCBC6}.Release|x86.ActiveCfg = Release|Win32
		{83691B30-CCB8-49EE-9AA7-8DD6E34DCBC6}.Release|x86.Build.0 = Release|Win32
	EndGlobalSection
	GlobalSection(SolutionProperties) = preSolution
		HideSolutionNode = FALSE
	EndGlobalSection
	GlobalSection(ExtensibilityGlobals) = postSolution
		SolutionGuid = {15772985-F8C6-48E3-B481-CC78941AE6A3}
	EndGlobalSection
EndGlobal
