
Microsoft Visual Studio Solution File, Format Version 12.00
# Visual Studio Version 17
VisualStudioVersion = 17.4.33213.308
MinimumVisualStudioVersion = 10.0.40219.1
Project("{8BC9CEB8-8B4A-11D0-8D11-00A0C91BC942}") = "ServerNP", "ServerNP\ServerNP.vcxproj", "{BD3D0236-6F4E-4A0C-813C-C374D1A14EAF}"
EndProject
Project("{8BC9CEB8-8B4A-11D0-8D11-00A0C91BC942}") = "ClientNP", "ClientNP\ClientNP.vcxproj", "{8FC840E9-E80F-4EFF-AF0A-8EC1D3BA2F3F}"
EndProject
Project("{8BC9CEB8-8B4A-11D0-8D11-00A0C91BC942}") = "ClientNPt", "ClientNPt\ClientNPt.vcxproj", "{2E970948-FA72-456D-A5BC-7CC6CC29156E}"
EndProject
Project("{8BC9CEB8-8B4A-11D0-8D11-00A0C91BC942}") = "ServerNPt", "ServerNPt\ServerNPt.vcxproj", "{DACE936A-BDA9-498A-92D1-9DF031E07E0E}"
EndProject
Project("{8BC9CEB8-8B4A-11D0-8D11-00A0C91BC942}") = "ClientNPct", "ClientNPct\ClientNPct.vcxproj", "{D22B82A2-AA83-448E-B006-C81AF8FAA18B}"
EndProject
Global
	GlobalSection(SolutionConfigurationPlatforms) = preSolution
		Debug|x64 = Debug|x64
		Debug|x86 = Debug|x86
		Release|x64 = Release|x64
		Release|x86 = Release|x86
	EndGlobalSection
	GlobalSection(ProjectConfigurationPlatforms) = postSolution
		{BD3D0236-6F4E-4A0C-813C-C374D1A14EAF}.Debug|x64.ActiveCfg = Debug|x64
		{BD3D0236-6F4E-4A0C-813C-C374D1A14EAF}.Debug|x64.Build.0 = Debug|x64
		{BD3D0236-6F4E-4A0C-813C-C374D1A14EAF}.Debug|x86.ActiveCfg = Debug|Win32
		{BD3D0236-6F4E-4A0C-813C-C374D1A14EAF}.Debug|x86.Build.0 = Debug|Win32
		{BD3D0236-6F4E-4A0C-813C-C374D1A14EAF}.Release|x64.ActiveCfg = Release|x64
		{BD3D0236-6F4E-4A0C-813C-C374D1A14EAF}.Release|x64.Build.0 = Release|x64
		{BD3D0236-6F4E-4A0C-813C-C374D1A14EAF}.Release|x86.ActiveCfg = Release|Win32
		{BD3D0236-6F4E-4A0C-813C-C374D1A14EAF}.Release|x86.Build.0 = Release|Win32
		{8FC840E9-E80F-4EFF-AF0A-8EC1D3BA2F3F}.Debug|x64.ActiveCfg = Debug|x64
		{8FC840E9-E80F-4EFF-AF0A-8EC1D3BA2F3F}.Debug|x64.Build.0 = Debug|x64
		{8FC840E9-E80F-4EFF-AF0A-8EC1D3BA2F3F}.Debug|x86.ActiveCfg = Debug|Win32
		{8FC840E9-E80F-4EFF-AF0A-8EC1D3BA2F3F}.Debug|x86.Build.0 = Debug|Win32
		{8FC840E9-E80F-4EFF-AF0A-8EC1D3BA2F3F}.Release|x64.ActiveCfg = Release|x64
		{8FC840E9-E80F-4EFF-AF0A-8EC1D3BA2F3F}.Release|x64.Build.0 = Release|x64
		{8FC840E9-E80F-4EFF-AF0A-8EC1D3BA2F3F}.Release|x86.ActiveCfg = Release|Win32
		{8FC840E9-E80F-4EFF-AF0A-8EC1D3BA2F3F}.Release|x86.Build.0 = Release|Win32
		{2E970948-FA72-456D-A5BC-7CC6CC29156E}.Debug|x64.ActiveCfg = Debug|x64
		{2E970948-FA72-456D-A5BC-7CC6CC29156E}.Debug|x64.Build.0 = Debug|x64
		{2E970948-FA72-456D-A5BC-7CC6CC29156E}.Debug|x86.ActiveCfg = Debug|Win32
		{2E970948-FA72-456D-A5BC-7CC6CC29156E}.Debug|x86.Build.0 = Debug|Win32
		{2E970948-FA72-456D-A5BC-7CC6CC29156E}.Release|x64.ActiveCfg = Release|x64
		{2E970948-FA72-456D-A5BC-7CC6CC29156E}.Release|x64.Build.0 = Release|x64
		{2E970948-FA72-456D-A5BC-7CC6CC29156E}.Release|x86.ActiveCfg = Release|Win32
		{2E970948-FA72-456D-A5BC-7CC6CC29156E}.Release|x86.Build.0 = Release|Win32
		{DACE936A-BDA9-498A-92D1-9DF031E07E0E}.Debug|x64.ActiveCfg = Debug|x64
		{DACE936A-BDA9-498A-92D1-9DF031E07E0E}.Debug|x64.Build.0 = Debug|x64
		{DACE936A-BDA9-498A-92D1-9DF031E07E0E}.Debug|x86.ActiveCfg = Debug|Win32
		{DACE936A-BDA9-498A-92D1-9DF031E07E0E}.Debug|x86.Build.0 = Debug|Win32
		{DACE936A-BDA9-498A-92D1-9DF031E07E0E}.Release|x64.ActiveCfg = Release|x64
		{DACE936A-BDA9-498A-92D1-9DF031E07E0E}.Release|x64.Build.0 = Release|x64
		{DACE936A-BDA9-498A-92D1-9DF031E07E0E}.Release|x86.ActiveCfg = Release|Win32
		{DACE936A-BDA9-498A-92D1-9DF031E07E0E}.Release|x86.Build.0 = Release|Win32
		{D22B82A2-AA83-448E-B006-C81AF8FAA18B}.Debug|x64.ActiveCfg = Debug|x64
		{D22B82A2-AA83-448E-B006-C81AF8FAA18B}.Debug|x64.Build.0 = Debug|x64
		{D22B82A2-AA83-448E-B006-C81AF8FAA18B}.Debug|x86.ActiveCfg = Debug|Win32
		{D22B82A2-AA83-448E-B006-C81AF8FAA18B}.Debug|x86.Build.0 = Debug|Win32
		{D22B82A2-AA83-448E-B006-C81AF8FAA18B}.Release|x64.ActiveCfg = Release|x64
		{D22B82A2-AA83-448E-B006-C81AF8FAA18B}.Release|x64.Build.0 = Release|x64
		{D22B82A2-AA83-448E-B006-C81AF8FAA18B}.Release|x86.ActiveCfg = Release|Win32
		{D22B82A2-AA83-448E-B006-C81AF8FAA18B}.Release|x86.Build.0 = Release|Win32
	EndGlobalSection
	GlobalSection(SolutionProperties) = preSolution
		HideSolutionNode = FALSE
	EndGlobalSection
	GlobalSection(ExtensibilityGlobals) = postSolution
		SolutionGuid = {4B801C20-4D74-4374-AF3B-A24009B9C215}
	EndGlobalSection
EndGlobal
